
Microsoft Visual Studio Solution File, Format Version 12.00
# Visual Studio 15
VisualStudioVersion = 15.0.27703.2026
MinimumVisualStudioVersion = 10.0.40219.1
Project("{FAE04EC0-301F-11D3-BF4B-00C04F79EFBC}") = "ConstructorNullAnalyzer", "ConstructorNullAnalyzer\ConstructorNullAnalyzer\ConstructorNullAnalyzer.csproj", "{D308EBE9-99CB-4644-AED2-099EEC4B4983}"
EndProject
Project("{FAE04EC0-301F-11D3-BF4B-00C04F79EFBC}") = "ConstructorNullAnalyzer.Test", "ConstructorNullAnalyzer\ConstructorNullAnalyzer.Test\ConstructorNullAnalyzer.Test.csproj", "{1F6F6EBE-E657-4540-ABA6-99CFA7AC0829}"
EndProject
Project("{FAE04EC0-301F-11D3-BF4B-00C04F79EFBC}") = "ConstructorNullAnalyzer.Vsix", "ConstructorNullAnalyzer\ConstructorNullAnalyzer.Vsix\ConstructorNullAnalyzer.Vsix.csproj", "{D07788EF-74BC-41E5-82C8-E451EA3F915F}"
EndProject
Global
	GlobalSection(SolutionConfigurationPlatforms) = preSolution
		Debug|Any CPU = Debug|Any CPU
		Release|Any CPU = Release|Any CPU
	EndGlobalSection
	GlobalSection(ProjectConfigurationPlatforms) = postSolution
		{D308EBE9-99CB-4644-AED2-099EEC4B4983}.Debug|Any CPU.ActiveCfg = Debug|Any CPU
		{D308EBE9-99CB-4644-AED2-099EEC4B4983}.Debug|Any CPU.Build.0 = Debug|Any CPU
		{D308EBE9-99CB-4644-AED2-099EEC4B4983}.Release|Any CPU.ActiveCfg = Release|Any CPU
		{D308EBE9-99CB-4644-AED2-099EEC4B4983}.Release|Any CPU.Build.0 = Release|Any CPU
		{1F6F6EBE-E657-4540-ABA6-99CFA7AC0829}.Debug|Any CPU.ActiveCfg = Debug|Any CPU
		{1F6F6EBE-E657-4540-ABA6-99CFA7AC0829}.Debug|Any CPU.Build.0 = Debug|Any CPU
		{1F6F6EBE-E657-4540-ABA6-99CFA7AC0829}.Release|Any CPU.ActiveCfg = Release|Any CPU
		{1F6F6EBE-E657-4540-ABA6-99CFA7AC0829}.Release|Any CPU.Build.0 = Release|Any CPU
		{D07788EF-74BC-41E5-82C8-E451EA3F915F}.Debug|Any CPU.ActiveCfg = Debug|Any CPU
		{D07788EF-74BC-41E5-82C8-E451EA3F915F}.Debug|Any CPU.Build.0 = Debug|Any CPU
		{D07788EF-74BC-41E5-82C8-E451EA3F915F}.Release|Any CPU.ActiveCfg = Release|Any CPU
		{D07788EF-74BC-41E5-82C8-E451EA3F915F}.Release|Any CPU.Build.0 = Release|Any CPU
	EndGlobalSection
	GlobalSection(SolutionProperties) = preSolution
		HideSolutionNode = FALSE
	EndGlobalSection
	GlobalSection(ExtensibilityGlobals) = postSolution
		SolutionGuid = {AE637CB3-E62F-4D3E-BC8C-3A490FC6DE9C}
	EndGlobalSection
EndGlobal
